
Microsoft Visual Studio Solution File, Format Version 12.00
# Visual Studio Version 16
VisualStudioVersion = 16.0.30517.126
MinimumVisualStudioVersion = 10.0.40219.1
Project("{FAE04EC0-301F-11D3-BF4B-00C04F79EFBC}") = "1811061967_MessageBox", "1811061967_MessageBox\1811061967_MessageBox.csproj", "{D03508D9-A159-4C17-9367-15AC8A3270CF}"
EndProject
Global
	GlobalSection(SolutionConfigurationPlatforms) = preSolution
		Debug|Any CPU = Debug|Any CPU
		Release|Any CPU = Release|Any CPU
	EndGlobalSection
	GlobalSection(ProjectConfigurationPlatforms) = postSolution
		{D03508D9-A159-4C17-9367-15AC8A3270CF}.Debug|Any CPU.ActiveCfg = Debug|Any CPU
		{D03508D9-A159-4C17-9367-15AC8A3270CF}.Debug|Any CPU.Build.0 = Debug|Any CPU
		{D03508D9-A159-4C17-9367-15AC8A3270CF}.Release|Any CPU.ActiveCfg = Release|Any CPU
		{D03508D9-A159-4C17-9367-15AC8A3270CF}.Release|Any CPU.Build.0 = Release|Any CPU
	EndGlobalSection
	GlobalSection(SolutionProperties) = preSolution
		HideSolutionNode = FALSE
	EndGlobalSection
	GlobalSection(ExtensibilityGlobals) = postSolution
		SolutionGuid = {78F6035D-C2A6-45C7-9A92-9E69C7407C6B}
	EndGlobalSection
EndGlobal
