
Microsoft Visual Studio Solution File, Format Version 12.00
# Visual Studio Version 16
VisualStudioVersion = 16.0.30517.126
MinimumVisualStudioVersion = 10.0.40219.1
Project("{FAE04EC0-301F-11D3-BF4B-00C04F79EFBC}") = "1811061967_CheckBox", "1811061967_CheckBox\1811061967_CheckBox.csproj", "{891E2402-28D5-407B-8825-7CBE6FE50224}"
EndProject
Global
	GlobalSection(SolutionConfigurationPlatforms) = preSolution
		Debug|Any CPU = Debug|Any CPU
		Release|Any CPU = Release|Any CPU
	EndGlobalSection
	GlobalSection(ProjectConfigurationPlatforms) = postSolution
		{891E2402-28D5-407B-8825-7CBE6FE50224}.Debug|Any CPU.ActiveCfg = Debug|Any CPU
		{891E2402-28D5-407B-8825-7CBE6FE50224}.Debug|Any CPU.Build.0 = Debug|Any CPU
		{891E2402-28D5-407B-8825-7CBE6FE50224}.Release|Any CPU.ActiveCfg = Release|Any CPU
		{891E2402-28D5-407B-8825-7CBE6FE50224}.Release|Any CPU.Build.0 = Release|Any CPU
	EndGlobalSection
	GlobalSection(SolutionProperties) = preSolution
		HideSolutionNode = FALSE
	EndGlobalSection
	GlobalSection(ExtensibilityGlobals) = postSolution
		SolutionGuid = {21D52DA2-75E0-42C0-AAAE-A28FFEF087FD}
	EndGlobalSection
EndGlobal
